
Microsoft Visual Studio Solution File, Format Version 12.00
# Visual Studio 15
VisualStudioVersion = 15.0.28010.2048
MinimumVisualStudioVersion = 10.0.40219.1
Project("{FAE04EC0-301F-11D3-BF4B-00C04F79EFBC}") = "LastCallServer", "LastCallServer\LastCallServer.csproj", "{2F8AA11F-1E2E-458C-BB0B-6144E08173FC}"
EndProject
Global
	GlobalSection(SolutionConfigurationPlatforms) = preSolution
		Debug|Any CPU = Debug|Any CPU
		Release|Any CPU = Release|Any CPU
	EndGlobalSection
	GlobalSection(ProjectConfigurationPlatforms) = postSolution
		{2F8AA11F-1E2E-458C-BB0B-6144E08173FC}.Debug|Any CPU.ActiveCfg = Debug|Any CPU
		{2F8AA11F-1E2E-458C-BB0B-6144E08173FC}.Debug|Any CPU.Build.0 = Debug|Any CPU
		{2F8AA11F-1E2E-458C-BB0B-6144E08173FC}.Release|Any CPU.ActiveCfg = Release|Any CPU
		{2F8AA11F-1E2E-458C-BB0B-6144E08173FC}.Release|Any CPU.Build.0 = Release|Any CPU
	EndGlobalSection
	GlobalSection(SolutionProperties) = preSolution
		HideSolutionNode = FALSE
	EndGlobalSection
	GlobalSection(ExtensibilityGlobals) = postSolution
		SolutionGuid = {B24428EE-5779-4A6D-A624-DD4DF360B300}
	EndGlobalSection
EndGlobal
